// !$*UTF8*$!
{
	archiveVersion = 1;
	classes = {
	};
	objectVersion = 50;
	objects = {

/* Begin PBXBuildFile section */
		50FBC9D3245E4ECC00642282 /* AppDelegate.swift in Sources */ = {isa = PBXBuildFile; fileRef = 50FBC9D2245E4ECC00642282 /* AppDelegate.swift */; };
		50FBC9D5245E4ECC00642282 /* SceneDelegate.swift in Sources */ = {isa = PBXBuildFile; fileRef = 50FBC9D4245E4ECC00642282 /* SceneDelegate.swift */; };
		50FBC9D7245E4ECC00642282 /* ContentView.swift in Sources */ = {isa = PBXBuildFile; fileRef = 50FBC9D6245E4ECC00642282 /* ContentView.swift */; };
		50FBC9D9245E4ECE00642282 /* Assets.xcassets in Resources */ = {isa = PBXBuildFile; fileRef = 50FBC9D8245E4ECE00642282 /* Assets.xcassets */; };
		50FBC9DC245E4ECE00642282 /* Preview Assets.xcassets in Resources */ = {isa = PBXBuildFile; fileRef = 50FBC9DB245E4ECE00642282 /* Preview Assets.xcassets */; };
		50FBC9DF245E4ECE00642282 /* LaunchScreen.storyboard in Resources */ = {isa = PBXBuildFile; fileRef = 50FBC9DD245E4ECE00642282 /* LaunchScreen.storyboard */; };
/* End PBXBuildFile section */

/* Begin PBXFileReference section */
		50FBC9CF245E4ECC00642282 /* COVIDCruise.app */ = {isa = PBXFileReference; explicitFileType = wrapper.application; includeInIndex = 0; path = COVIDCruise.app; sourceTree = BUILT_PRODUCTS_DIR; };
		50FBC9D2245E4ECC00642282 /* AppDelegate.swift */ = {isa = PBXFileReference; lastKnownFileType = sourcecode.swift; path = AppDelegate.swift; sourceTree = "<group>"; };
		50FBC9D4245E4ECC00642282 /* SceneDelegate.swift */ = {isa = PBXFileReference; lastKnownFileType = sourcecode.swift; path = SceneDelegate.swift; sourceTree = "<group>"; };
		50FBC9D6245E4ECC00642282 /* ContentView.swift */ = {isa = PBXFileReference; lastKnownFileType = sourcecode.swift; path = ContentView.swift; sourceTree = "<group>"; };
		50FBC9D8245E4ECE00642282 /* Assets.xcassets */ = {isa = PBXFileReference; lastKnownFileType = folder.assetcatalog; path = Assets.xcassets; sourceTree = "<group>"; };
		50FBC9DB245E4ECE00642282 /* Preview Assets.xcassets */ = {isa = PBXFileReference; lastKnownFileType = folder.assetcatalog; path = "Preview Assets.xcassets"; sourceTree = "<group>"; };
		50FBC9DE245E4ECE00642282 /* Base */ = {isa = PBXFileReference; lastKnownFileType = file.storyboard; name = Base; path = Base.lproj/LaunchScreen.storyboard; sourceTree = "<group>"; };
		50FBC9E0245E4ECE00642282 /* Info.plist */ = {isa = PBXFileReference; lastKnownFileType = text.plist.xml; path = Info.plist; sourceTree = "<group>"; };
/* End PBXFileReference section */

/* Begin PBXFrameworksBuildPhase section */
		50FBC9CC245E4ECC00642282 /* Frameworks */ = {
			isa = PBXFrameworksBuildPhase;
			buildActionMask = 2147483647;
			files = (
			);
			runOnlyForDeploymentPostprocessing = 0;
		};
/* End PBXFrameworksBuildPhase section */

/* Begin PBXGroup section */
		50FBC9C6245E4ECC00642282 = {
			isa = PBXGroup;
			children = (
				50FBC9D1245E4ECC00642282 /* COVIDCruise */,
				50FBC9D0245E4ECC00642282 /* Products */,
			);
			sourceTree = "<group>";
		};
		50FBC9D0245E4ECC00642282 /* Products */ = {
			isa = PBXGroup;
			children = (
				50FBC9CF245E4ECC00642282 /* COVIDCruise.app */,
			);
			name = Products;
			sourceTree = "<group>";
		};
		50FBC9D1245E4ECC00642282 /* COVIDCruise */ = {
			isa = PBXGroup;
			children = (
				50FBC9D2245E4ECC00642282 /* AppDelegate.swift */,
				50FBC9D4245E4ECC00642282 /* SceneDelegate.swift */,
				50FBC9D6245E4ECC00642282 /* ContentView.swift */,
				50FBC9D8245E4ECE00642282 /* Assets.xcassets */,
				50FBC9DD245E4ECE00642282 /* LaunchScreen.storyboard */,
				50FBC9E0245E4ECE00642282 /* Info.plist */,
				50FBC9DA245E4ECE00642282 /* Preview Content */,
			);
			path = COVIDCruise;
			sourceTree = "<group>";
		};
		50FBC9DA245E4ECE00642282 /* Preview Content */ = {
			isa = PBXGroup;
			children = (
				50FBC9DB245E4ECE00642282 /* Preview Assets.xcassets */,
			);
			path = "Preview Content";
			sourceTree = "<group>";
		};
/* End PBXGroup section */

/* Begin PBXNativeTarget section */
		50FBC9CE245E4ECC00642282 /* COVIDCruise */ = {
			isa = PBXNativeTarget;
			buildConfigurationList = 50FBC9E3245E4ECE00642282 /* Build configuration list for PBXNativeTarget "COVIDCruise" */;
			buildPhases = (
				50FBC9CB245E4ECC00642282 /* Sources */,
				50FBC9CC245E4ECC00642282 /* Frameworks */,
				50FBC9CD245E4ECC00642282 /* Resources */,
			);
			buildRules = (
			);
			dependencies = (
			);
			name = COVIDCruise;
			productName = COVIDCruise;
			productReference = 50FBC9CF245E4ECC00642282 /* COVIDCruise.app */;
			productType = "com.apple.product-type.application";
		};
/* End PBXNativeTarget section */

/* Begin PBXProject section */
		50FBC9C7245E4ECC00642282 /* Project object */ = {
			isa = PBXProject;
			attributes = {
				LastSwiftUpdateCheck = 1140;
				LastUpgradeCheck = 1140;
				ORGANIZATIONNAME = 22q;
				TargetAttributes = {
					50FBC9CE245E4ECC00642282 = {
						CreatedOnToolsVersion = 11.4.1;
					};
				};
			};
			buildConfigurationList = 50FBC9CA245E4ECC00642282 /* Build configuration list for PBXProject "COVIDCruise" */;
			compatibilityVersion = "Xcode 9.3";
			developmentRegion = en;
			hasScannedForEncodings = 0;
			knownRegions = (
				en,
				Base,
			);
			mainGroup = 50FBC9C6245E4ECC00642282;
			productRefGroup = 50FBC9D0245E4ECC00642282 /* Products */;
			projectDirPath = "";
			projectRoot = "";
			targets = (
				50FBC9CE245E4ECC00642282 /* COVIDCruise */,
			);
		};
/* End PBXProject section */

/* Begin PBXResourcesBuildPhase section */
		50FBC9CD245E4ECC00642282 /* Resources */ = {
			isa = PBXResourcesBuildPhase;
			buildActionMask = 2147483647;
			files = (
				50FBC9DF245E4ECE00642282 /* LaunchScreen.storyboard in Resources */,
				50FBC9DC245E4ECE00642282 /* Preview Assets.xcassets in Resources */,
				50FBC9D9245E4ECE00642282 /* Assets.xcassets in Resources */,
			);
			runOnlyForDeploymentPostprocessing = 0;
		};
/* End PBXResourcesBuildPhase section */

/* Begin PBXSourcesBuildPhase section */
		50FBC9CB245E4ECC00642282 /* Sources */ = {
			isa = PBXSourcesBuildPhase;
			buildActionMask = 2147483647;
			files = (
				50FBC9D3245E4ECC00642282 /* AppDelegate.swift in Sources */,
				50FBC9D5245E4ECC00642282 /* SceneDelegate.swift in Sources */,
				50FBC9D7245E4ECC00642282 /* ContentView.swift in Sources */,
			);
			runOnlyForDeploymentPostprocessing = 0;
		};
/* End PBXSourcesBuildPhase section */

/* Begin PBXVariantGroup section */
		50FBC9DD245E4ECE00642282 /* LaunchScreen.storyboard */ = {
			isa = PBXVariantGroup;
			children = (
				50FBC9DE245E4ECE00642282 /* Base */,
			);
			name = LaunchScreen.storyboard;
			sourceTree = "<group>";
		};
/* End PBXVariantGroup section */

/* Begin XCBuildConfiguration section */
		50FBC9E1245E4ECE00642282 /* Debug */ = {
			isa = XCBuildConfiguration;
			buildSettings = {
				ALWAYS_SEARCH_USER_PATHS = NO;
				CLANG_ANALYZER_NONNULL = YES;
				CLANG_ANALYZER_NUMBER_OBJECT_CONVERSION = YES_AGGRESSIVE;
				CLANG_CXX_LANGUAGE_STANDARD = "gnu++14";
				CLANG_CXX_LIBRARY = "libc++";
				CLANG_ENABLE_MODULES = YES;
				CLANG_ENABLE_OBJC_ARC = YES;
				CLANG_ENABLE_OBJC_WEAK = YES;
				CLANG_WARN_BLOCK_CAPTURE_AUTORELEASING = YES;
				CLANG_WARN_BOOL_CONVERSION = YES;
				CLANG_WARN_COMMA = YES;
				CLANG_WARN_CONSTANT_CONVERSION = YES;
				CLANG_WARN_DEPRECATED_OBJC_IMPLEMENTATIONS = YES;
				CLANG_WARN_DIRECT_OBJC_ISA_USAGE = YES_ERROR;
				CLANG_WARN_DOCUMENTATION_COMMENTS = YES;
				CLANG_WARN_EMPTY_BODY = YES;
				CLANG_WARN_ENUM_CONVERSION = YES;
				CLANG_WARN_INFINITE_RECURSION = YES;
				CLANG_WARN_INT_CONVERSION = YES;
				CLANG_WARN_NON_LITERAL_NULL_CONVERSION = YES;
				CLANG_WARN_OBJC_IMPLICIT_RETAIN_SELF = YES;
				CLANG_WARN_OBJC_LITERAL_CONVERSION = YES;
				CLANG_WARN_OBJC_ROOT_CLASS = YES_ERROR;
				CLANG_WARN_RANGE_LOOP_ANALYSIS = YES;
				CLANG_WARN_STRICT_PROTOTYPES = YES;
				CLANG_WARN_SUSPICIOUS_MOVE = YES;
				CLANG_WARN_UNGUARDED_AVAILABILITY = YES_AGGRESSIVE;
				CLANG_WARN_UNREACHABLE_CODE = YES;
				CLANG_WARN__DUPLICATE_METHOD_MATCH = YES;
				COPY_PHASE_STRIP = NO;
				DEBUG_INFORMATION_FORMAT = dwarf;
				ENABLE_STRICT_OBJC_MSGSEND = YES;
				ENABLE_TESTABILITY = YES;
				GCC_C_LANGUAGE_STANDARD = gnu11;
				GCC_DYNAMIC_NO_PIC = NO;
				GCC_NO_COMMON_BLOCKS = YES;
				GCC_OPTIMIZATION_LEVEL = 0;
				GCC_PREPROCESSOR_DEFINITIONS = (
					"DEBUG=1",
					"$(inherited)",
				);
				GCC_WARN_64_TO_32_BIT_CONVERSION = YES;
				GCC_WARN_ABOUT_RETURN_TYPE = YES_ERROR;
				GCC_WARN_UNDECLARED_SELECTOR = YES;
				GCC_WARN_UNINITIALIZED_AUTOS = YES_AGGRESSIVE;
				GCC_WARN_UNUSED_FUNCTION = YES;
				GCC_WARN_UNUSED_VARIABLE = YES;
				IPHONEOS_DEPLOYMENT_TARGET = 13.4;
				MTL_ENABLE_DEBUG_INFO = INCLUDE_SOURCE;
				MTL_FAST_MATH = YES;
				ONLY_ACTIVE_ARCH = YES;
				SDKROOT = iphoneos;
				SWIFT_ACTIVE_COMPILATION_CONDITIONS = DEBUG;
				SWIFT_OPTIMIZATION_LEVEL = "-Onone";
			};
			name = Debug;
		};
		50FBC9E2245E4ECE00642282 /* Release */ = {
			isa = XCBuildConfiguration;
			buildSettings = {
				ALWAYS_SEARCH_USER_PATHS = NO;
				CLANG_ANALYZER_NONNULL = YES;
				CLANG_ANALYZER_NUMBER_OBJECT_CONVERSION = YES_AGGRESSIVE;
				CLANG_CXX_LANGUAGE_STANDARD = "gnu++14";
				CLANG_CXX_LIBRARY = "libc++";
				CLANG_ENABLE_MODULES = YES;
				CLANG_ENABLE_OBJC_ARC = YES;
				CLANG_ENABLE_OBJC_WEAK = YES;
				CLANG_WARN_BLOCK_CAPTURE_AUTORELEASING = YES;
				CLANG_WARN_BOOL_CONVERSION = YES;
				CLANG_WARN_COMMA = YES;
				CLANG_WARN_CONSTANT_CONVERSION = YES;
				CLANG_WARN_DEPRECATED_OBJC_IMPLEMENTATIONS = YES;
				CLANG_WARN_DIRECT_OBJC_ISA_USAGE = YES_ERROR;
				CLANG_WARN_DOCUMENTATION_COMMENTS = YES;
				CLANG_WARN_EMPTY_BODY = YES;
				CLANG_WARN_ENUM_CONVERSION = YES;
				CLANG_WARN_INFINITE_RECURSION = YES;
				CLANG_WARN_INT_CONVERSION = YES;
				CLANG_WARN_NON_LITERAL_NULL_CONVERSION = YES;
				CLANG_WARN_OBJC_IMPLICIT_RETAIN_SELF = YES;
				CLANG_WARN_OBJC_LITERAL_CONVERSION = YES;
				CLANG_WARN_OBJC_ROOT_CLASS = YES_ERROR;
				CLANG_WARN_RANGE_LOOP_ANALYSIS = YES;
				CLANG_WARN_STRICT_PROTOTYPES = YES;
				CLANG_WARN_SUSPICIOUS_MOVE = YES;
				CLANG_WARN_UNGUARDED_AVAILABILITY = YES_AGGRESSIVE;
				CLANG_WARN_UNREACHABLE_CODE = YES;
				CLANG_WARN__DUPLICATE_METHOD_MATCH = YES;
				COPY_PHASE_STRIP = NO;
				DEBUG_INFORMATION_FORMAT = "dwarf-with-dsym";
				ENABLE_NS_ASSERTIONS = NO;
				ENABLE_STRICT_OBJC_MSGSEND = YES;
				GCC_C_LANGUAGE_STANDARD = gnu11;
				GCC_NO_COMMON_BLOCKS = YES;
				GCC_WARN_64_TO_32_BIT_CONVERSION = YES;
				GCC_WARN_ABOUT_RETURN_TYPE = YES_ERROR;
				GCC_WARN_UNDECLARED_SELECTOR = YES;
				GCC_WARN_UNINITIALIZED_AUTOS = YES_AGGRESSIVE;
				GCC_WARN_UNUSED_FUNCTION = YES;
				GCC_WARN_UNUSED_VARIABLE = YES;
				IPHONEOS_DEPLOYMENT_TARGET = 13.4;
				MTL_ENABLE_DEBUG_INFO = NO;
				MTL_FAST_MATH = YES;
				SDKROOT = iphoneos;
				SWIFT_COMPILATION_MODE = wholemodule;
				SWIFT_OPTIMIZATION_LEVEL = "-O";
				VALIDATE_PRODUCT = YES;
			};
			name = Release;
		};
		50FBC9E4245E4ECE00642282 /* Debug */ = {
			isa = XCBuildConfiguration;
			buildSettings = {
				ASSETCATALOG_COMPILER_APPICON_NAME = AppIcon;
				CODE_SIGN_STYLE = Automatic;
				DEVELOPMENT_ASSET_PATHS = "\"COVIDCruise/Preview Content\"";
				ENABLE_PREVIEWS = YES;
				INFOPLIST_FILE = COVIDCruise/Info.plist;
				LD_RUNPATH_SEARCH_PATHS = (
					"$(inherited)",
					"@executable_path/Frameworks",
				);
				PRODUCT_BUNDLE_IDENTIFIER = net.queuebit.COVIDCruise;
				PRODUCT_NAME = "$(TARGET_NAME)";
				SWIFT_VERSION = 5.0;
				TARGETED_DEVICE_FAMILY = "1,2";
			};
			name = Debug;
		};
		50FBC9E5245E4ECE00642282 /* Release */ = {
			isa = XCBuildConfiguration;
			buildSettings = {
				ASSETCATALOG_COMPILER_APPICON_NAME = AppIcon;
				CODE_SIGN_STYLE = Automatic;
				DEVELOPMENT_ASSET_PATHS = "\"COVIDCruise/Preview Content\"";
				ENABLE_PREVIEWS = YES;
				INFOPLIST_FILE = COVIDCruise/Info.plist;
				LD_RUNPATH_SEARCH_PATHS = (
					"$(inherited)",
					"@executable_path/Frameworks",
				);
				PRODUCT_BUNDLE_IDENTIFIER = net.queuebit.COVIDCruise;
				PRODUCT_NAME = "$(TARGET_NAME)";
				SWIFT_VERSION = 5.0;
				TARGETED_DEVICE_FAMILY = "1,2";
			};
			name = Release;
		};
/* End XCBuildConfiguration section */

/* Begin XCConfigurationList section */
		50FBC9CA245E4ECC00642282 /* Build configuration list for PBXProject "COVIDCruise" */ = {
			isa = XCConfigurationList;
			buildConfigurations = (
				50FBC9E1245E4ECE00642282 /* Debug */,
				50FBC9E2245E4ECE00642282 /* Release */,
			);
			defaultConfigurationIsVisible = 0;
			defaultConfigurationName = Release;
		};
		50FBC9E3245E4ECE00642282 /* Build configuration list for PBXNativeTarget "COVIDCruise" */ = {
			isa = XCConfigurationList;
			buildConfigurations = (
				50FBC9E4245E4ECE00642282 /* Debug */,
				50FBC9E5245E4ECE00642282 /* Release */,
			);
			defaultConfigurationIsVisible = 0;
			defaultConfigurationName = Release;
		};
/* End XCConfigurationList section */
	};
	rootObject = 50FBC9C7245E4ECC00642282 /* Project object */;
}
